<?xml version="1.0" encoding="utf-8"?>
<Project ToolsVersion="4.0" xmlns="http://schemas.microsoft.com/developer/msbuild/2003">
  <ItemGroup>
    <Filter Include="Source Files">
      <UniqueIdentifier>{4FC737F1-C7A5-4376-A066-2A32D752A2FF}</UniqueIdentifier>
      <Extensions>cpp;c;cc;cxx;c++;cppm;ixx;def;odl;idl;hpj;bat;asm;asmx</Extensions>
    </Filter>
    <Filter Include="Header Files">
      <UniqueIdentifier>{93995380-89BD-4b04-88EB-625FBE52EBFB}</UniqueIdentifier>
      <Extensions>h;hh;hpp;hxx;h++;hm;inl;inc;ipp;xsd</Extensions>
    </Filter>
    <Filter Include="Resource Files">
      <UniqueIdentifier>{67DA6AB6-F800-4c08-8B7A-83BB121AAD01}</UniqueIdentifier>
      <Extensions>rc;ico;cur;bmp;dlg;rc2;rct;bin;rgs;gif;jpg;jpeg;jpe;resx;tiff;tif;png;wav;mfcribbon-ms</Extensions>
    </Filter>
  </ItemGroup>
  <ItemGroup>
    <ClCompile Include="main.cpp">
      <Filter>Source Files</Filter>
    </ClCompile>
    <ClCompile Include="src\DBManager.cpp">
      <Filter>Source Files</Filter>
    </ClCompile>
    <ClCompile Include="lib\sqlite\shell.c">
      <Filter>Source Files</Filter>
    </ClCompile>
    <ClCompile Include="lib\sqlite\sqlite3.c">
      <Filter>Source Files</Filter>
    </ClCompile>
    <ClCompile Include="src\Validate.cpp">
      <Filter>Source Files</Filter>
    </ClCompile>
    <ClCompile Include="src\controller\EmployeeController.cpp">
      <Filter>Source Files</Filter>
    </ClCompile>
    <ClCompile Include="src\controller\EngineerController.cpp">
      <Filter>Source Files</Filter>
    </ClCompile>
    <ClCompile Include="src\controller\FinanceController.cpp">
      <Filter>Source Files</Filter>
    </ClCompile>
    <ClCompile Include="src\controller\QAController.cpp">
      <Filter>Source Files</Filter>
    </ClCompile>
    <ClCompile Include="src\controller\HRController.cpp">
      <Filter>Source Files</Filter>
    </ClCompile>
    <ClCompile Include="src\controller\DepartmentController.cpp">
      <Filter>Source Files</Filter>
    </ClCompile>
    <ClCompile Include="src\controller\ManagerController.cpp">
      <Filter>Source Files</Filter>
    </ClCompile>
    <ClCompile Include="src\view\MainView.cpp">
      <Filter>Source Files</Filter>
    </ClCompile>
    <ClCompile Include="src\view\EngineerView.cpp">
      <Filter>Source Files</Filter>
    </ClCompile>
    <ClCompile Include="src\view\EmployeeView.cpp">
      <Filter>Source Files</Filter>
    </ClCompile>
    <ClCompile Include="src\view\FinanceView.cpp">
      <Filter>Source Files</Filter>
    </ClCompile>
    <ClCompile Include="src\view\HRView.cpp">
      <Filter>Source Files</Filter>
    </ClCompile>
    <ClCompile Include="src\view\QAView.cpp">
      <Filter>Source Files</Filter>
    </ClCompile>
    <ClCompile Include="src\view\DepartmentView.cpp">
      <Filter>Source Files</Filter>
    </ClCompile>
    <ClCompile Include="src\view\Utility.cpp">
      <Filter>Source Files</Filter>
    </ClCompile>
    <ClCompile Include="src\view\ManagerView.cpp">
      <Filter>Source Files</Filter>
    </ClCompile>
    <ClCompile Include="lib\logician\Log.cpp">
      <Filter>Source Files</Filter>
    </ClCompile>
    <ClCompile Include="$(MSBuildThisFileDirectory)..\..\lib\native\src\gtest\gtest-all.cc">
      <Filter>Source Files</Filter>
    </ClCompile>
    <ClCompile Include="$(MSBuildThisFileDirectory)..\..\lib\native\src\gmock\gmock-all.cc">
      <Filter>Source Files</Filter>
    </ClCompile>
    <ClCompile Include="src\controller\ExportController.cpp">
      <Filter>Source Files</Filter>
    </ClCompile>
  </ItemGroup>
  <ItemGroup>
    <ClInclude Include="include\DBManager.h">
      <Filter>Header Files</Filter>
    </ClInclude>
    <ClInclude Include="include\Config.h">
      <Filter>Header Files</Filter>
    </ClInclude>
    <ClInclude Include="lib\sqlite\sqlite3.h">
      <Filter>Header Files</Filter>
    </ClInclude>
    <ClInclude Include="lib\sqlite\sqlite3ext.h">
      <Filter>Header Files</Filter>
    </ClInclude>
    <ClInclude Include="include\model\Employee.h">
      <Filter>Header Files</Filter>
    </ClInclude>
    <ClInclude Include="include\model\Department.h">
      <Filter>Header Files</Filter>
    </ClInclude>
    <ClInclude Include="include\model\Engineer.h">
      <Filter>Header Files</Filter>
    </ClInclude>
    <ClInclude Include="include\model\Manager.h">
      <Filter>Header Files</Filter>
    </ClInclude>
    <ClInclude Include="include\model\QA.h">
      <Filter>Header Files</Filter>
    </ClInclude>
    <ClInclude Include="include\model\HR.h">
      <Filter>Header Files</Filter>
    </ClInclude>
    <ClInclude Include="include\model\Finance.h">
      <Filter>Header Files</Filter>
    </ClInclude>
    <ClInclude Include="include\Validate.h">
      <Filter>Header Files</Filter>
    </ClInclude>
    <ClInclude Include="include\controller\EmployeeController.h">
      <Filter>Header Files</Filter>
    </ClInclude>
    <ClInclude Include="include\controller\EngineerController.h">
      <Filter>Header Files</Filter>
    </ClInclude>
    <ClInclude Include="include\controller\FinanceController.h">
      <Filter>Header Files</Filter>
    </ClInclude>
    <ClInclude Include="include\controller\QAController.h">
      <Filter>Header Files</Filter>
    </ClInclude>
    <ClInclude Include="include\controller\HRController.h">
      <Filter>Header Files</Filter>
    </ClInclude>
    <ClInclude Include="include\controller\DepartmentController.h">
      <Filter>Header Files</Filter>
    </ClInclude>
    <ClInclude Include="include\view\MainView.h">
      <Filter>Header Files</Filter>
    </ClInclude>
    <ClInclude Include="include\view\EngineerView.h">
      <Filter>Header Files</Filter>
    </ClInclude>
    <ClInclude Include="include\view\EmployeeView.h">
      <Filter>Header Files</Filter>
    </ClInclude>
    <ClInclude Include="include\view\FinanceView.h">
      <Filter>Header Files</Filter>
    </ClInclude>
    <ClInclude Include="include\view\HRView.h">
      <Filter>Header Files</Filter>
    </ClInclude>
    <ClInclude Include="include\view\QAView.h">
      <Filter>Header Files</Filter>
    </ClInclude>
    <ClInclude Include="include\view\DepartmentView.h">
      <Filter>Header Files</Filter>
    </ClInclude>
    <ClInclude Include="include\controller\ManagerController.h">
      <Filter>Header Files</Filter>
    </ClInclude>
    <ClInclude Include="include\view\Utility.h">
      <Filter>Header Files</Filter>
    </ClInclude>
    <ClInclude Include="include\view\ManagerView.h">
      <Filter>Header Files</Filter>
    </ClInclude>
    <ClInclude Include="include\View.h">
      <Filter>Header Files</Filter>
    </ClInclude>
    <ClInclude Include="include\model\Salary.h">
      <Filter>Header Files</Filter>
    </ClInclude>
    <ClInclude Include="include\EmployeeDB.h">
      <Filter>Header Files</Filter>
    </ClInclude>
    <ClInclude Include="lib\logician\Log.h">
      <Filter>Header Files</Filter>
    </ClInclude>
    <ClInclude Include="lib\logician\Logician.h">
      <Filter>Header Files</Filter>
    </ClInclude>
    <ClInclude Include="lib\logician\Registry.h">
      <Filter>Header Files</Filter>
    </ClInclude>
    <ClInclude Include="lib\logician\Timer.h">
      <Filter>Header Files</Filter>
    </ClInclude>
    <ClInclude Include="include\LogManager.h">
      <Filter>Header Files</Filter>
    </ClInclude>
    <ClInclude Include="include\controller\ExportController.h">
      <Filter>Header Files</Filter>
    </ClInclude>
  </ItemGroup>
  <ItemGroup>
    <None Include="data\sampleRecords.sql" />
    <None Include="data\Employee.db" />
    <None Include="data\database.sql" />
    <None Include="packages.config" />
  </ItemGroup>
  <ItemGroup>
    <Text Include="data\EmployeeDB.log" />
  </ItemGroup>
</Project>